
Microsoft Visual Studio Solution File, Format Version 12.00
# Visual Studio Version 16
VisualStudioVersion = 16.0.30128.74
MinimumVisualStudioVersion = 10.0.40219.1
Project("{FAE04EC0-301F-11D3-BF4B-00C04F79EFBC}") = "VVVPMX", "VVVPMX\VVVPMX.csproj", "{F5B319F3-98BC-47B9-94E6-70267EA89359}"
EndProject
Project("{FAE04EC0-301F-11D3-BF4B-00C04F79EFBC}") = "OrochiPMX", "OrochiPMX\OrochiPMX.csproj", "{B6EE9EB4-2A92-4153-8E40-2B44D1E63F2F}"
EndProject
Global
	GlobalSection(SolutionConfigurationPlatforms) = preSolution
		Debug|Any CPU = Debug|Any CPU
		Release|Any CPU = Release|Any CPU
	EndGlobalSection
	GlobalSection(ProjectConfigurationPlatforms) = postSolution
		{F5B319F3-98BC-47B9-94E6-70267EA89359}.Debug|Any CPU.ActiveCfg = Debug|Any CPU
		{F5B319F3-98BC-47B9-94E6-70267EA89359}.Debug|Any CPU.Build.0 = Debug|Any CPU
		{F5B319F3-98BC-47B9-94E6-70267EA89359}.Release|Any CPU.ActiveCfg = Release|Any CPU
		{F5B319F3-98BC-47B9-94E6-70267EA89359}.Release|Any CPU.Build.0 = Release|Any CPU
		{B6EE9EB4-2A92-4153-8E40-2B44D1E63F2F}.Debug|Any CPU.ActiveCfg = Debug|Any CPU
		{B6EE9EB4-2A92-4153-8E40-2B44D1E63F2F}.Debug|Any CPU.Build.0 = Debug|Any CPU
		{B6EE9EB4-2A92-4153-8E40-2B44D1E63F2F}.Release|Any CPU.ActiveCfg = Release|Any CPU
		{B6EE9EB4-2A92-4153-8E40-2B44D1E63F2F}.Release|Any CPU.Build.0 = Release|Any CPU
	EndGlobalSection
	GlobalSection(SolutionProperties) = preSolution
		HideSolutionNode = FALSE
	EndGlobalSection
	GlobalSection(ExtensibilityGlobals) = postSolution
		SolutionGuid = {6A445CBE-840F-4B27-9B1A-68943D7D4882}
	EndGlobalSection
EndGlobal
